
Microsoft Visual Studio Solution File, Format Version 12.00
# Visual Studio Version 17
VisualStudioVersion = 17.13.35931.197 d17.13
MinimumVisualStudioVersion = 10.0.40219.1
Project("{FAE04EC0-301F-11D3-BF4B-00C04F79EFBC}") = "MilkbarPOS", "MilkbarPOS.csproj", "{A8F9F99F-40ED-4975-A02E-0618481EFAD7}"
EndProject
Global
	GlobalSection(SolutionConfigurationPlatforms) = preSolution
		Debug|Any CPU = Debug|Any CPU
		Release|Any CPU = Release|Any CPU
	EndGlobalSection
	GlobalSection(ProjectConfigurationPlatforms) = postSolution
		{A8F9F99F-40ED-4975-A02E-0618481EFAD7}.Debug|Any CPU.ActiveCfg = Debug|Any CPU
		{A8F9F99F-40ED-4975-A02E-0618481EFAD7}.Debug|Any CPU.Build.0 = Debug|Any CPU
		{A8F9F99F-40ED-4975-A02E-0618481EFAD7}.Release|Any CPU.ActiveCfg = Release|Any CPU
		{A8F9F99F-40ED-4975-A02E-0618481EFAD7}.Release|Any CPU.Build.0 = Release|Any CPU
	EndGlobalSection
	GlobalSection(SolutionProperties) = preSolution
		HideSolutionNode = FALSE
	EndGlobalSection
	GlobalSection(ExtensibilityGlobals) = postSolution
		SolutionGuid = {E06CCC07-AD4F-4B0D-9782-0C1BE7BC3E60}
	EndGlobalSection
EndGlobal
